
Microsoft Visual Studio Solution File, Format Version 12.00
# Visual Studio Version 16
VisualStudioVersion = 16.0.30330.147
MinimumVisualStudioVersion = 10.0.40219.1
Project("{FAE04EC0-301F-11D3-BF4B-00C04F79EFBC}") = "FinalProj", "FinalProj.csproj", "{6B51D6A9-99DE-4A38-B75E-B1FF02965B22}"
EndProject
Global
	GlobalSection(SolutionConfigurationPlatforms) = preSolution
		Debug|Any CPU = Debug|Any CPU
		Release|Any CPU = Release|Any CPU
	EndGlobalSection
	GlobalSection(ProjectConfigurationPlatforms) = postSolution
		{6B51D6A9-99DE-4A38-B75E-B1FF02965B22}.Debug|Any CPU.ActiveCfg = Debug|Any CPU
		{6B51D6A9-99DE-4A38-B75E-B1FF02965B22}.Debug|Any CPU.Build.0 = Debug|Any CPU
		{6B51D6A9-99DE-4A38-B75E-B1FF02965B22}.Release|Any CPU.ActiveCfg = Release|Any CPU
		{6B51D6A9-99DE-4A38-B75E-B1FF02965B22}.Release|Any CPU.Build.0 = Release|Any CPU
	EndGlobalSection
	GlobalSection(SolutionProperties) = preSolution
		HideSolutionNode = FALSE
	EndGlobalSection
	GlobalSection(ExtensibilityGlobals) = postSolution
		SolutionGuid = {6F7675F5-C3B7-44EE-9DD3-8B03F19DCBE9}
	EndGlobalSection
EndGlobal
